// !$*UTF8*$!
{
	archiveVersion = 1;
	classes = {
	};
	objectVersion = 77;
	objects = {

/* Begin PBXBuildFile section */
		AEC16B1E2EBA46C400B22552 /* DesignSystem in Frameworks */ = {isa = PBXBuildFile; productRef = AEC16B1D2EBA46C400B22552 /* DesignSystem */; };
/* End PBXBuildFile section */

/* Begin PBXContainerItemProxy section */
		AE465E8A2EB89C88001310FC /* PBXContainerItemProxy */ = {
			isa = PBXContainerItemProxy;
			containerPortal = AE465E742EB89C88001310FC /* Project object */;
			proxyType = 1;
			remoteGlobalIDString = AE465E7B2EB89C88001310FC;
			remoteInfo = project_test_ios;
		};
		AE465E942EB89C88001310FC /* PBXContainerItemProxy */ = {
			isa = PBXContainerItemProxy;
			containerPortal = AE465E742EB89C88001310FC /* Project object */;
			proxyType = 1;
			remoteGlobalIDString = AE465E7B2EB89C88001310FC;
			remoteInfo = project_test_ios;
		};
/* End PBXContainerItemProxy section */

/* Begin PBXFileReference section */
		AE465E7C2EB89C88001310FC /* project_test_ios.app */ = {isa = PBXFileReference; explicitFileType = wrapper.application; includeInIndex = 0; path = project_test_ios.app; sourceTree = BUILT_PRODUCTS_DIR; };
		AE465E892EB89C88001310FC /* project_test_iosTests.xctest */ = {isa = PBXFileReference; explicitFileType = wrapper.cfbundle; includeInIndex = 0; path = project_test_iosTests.xctest; sourceTree = BUILT_PRODUCTS_DIR; };
		AE465E932EB89C88001310FC /* project_test_iosUITests.xctest */ = {isa = PBXFileReference; explicitFileType = wrapper.cfbundle; includeInIndex = 0; path = project_test_iosUITests.xctest; sourceTree = BUILT_PRODUCTS_DIR; };
/* End PBXFileReference section */

/* Begin PBXFileSystemSynchronizedBuildFileExceptionSet section */
		AEC16B1C2EBA46B600B22552 /* Exceptions for "project_test_ios" folder in "project_test_ios" target */ = {
			isa = PBXFileSystemSynchronizedBuildFileExceptionSet;
			membershipExceptions = (
				Package/DesignSystem,
			);
			target = AE465E7B2EB89C88001310FC /* project_test_ios */;
		};
/* End PBXFileSystemSynchronizedBuildFileExceptionSet section */

/* Begin PBXFileSystemSynchronizedRootGroup section */
		AE465E7E2EB89C88001310FC /* project_test_ios */ = {
			isa = PBXFileSystemSynchronizedRootGroup;
			exceptions = (
				AEC16B1C2EBA46B600B22552 /* Exceptions for "project_test_ios" folder in "project_test_ios" target */,
			);
			path = project_test_ios;
			sourceTree = "<group>";
		};
		AE465E8C2EB89C88001310FC /* project_test_iosTests */ = {
			isa = PBXFileSystemSynchronizedRootGroup;
			path = project_test_iosTests;
			sourceTree = "<group>";
		};
		AE465E962EB89C88001310FC /* project_test_iosUITests */ = {
			isa = PBXFileSystemSynchronizedRootGroup;
			path = project_test_iosUITests;
			sourceTree = "<group>";
		};
/* End PBXFileSystemSynchronizedRootGroup section */

/* Begin PBXFrameworksBuildPhase section */
		AE465E792EB89C88001310FC /* Frameworks */ = {
			isa = PBXFrameworksBuildPhase;
			buildActionMask = 2147483647;
			files = (
				AEC16B1E2EBA46C400B22552 /* DesignSystem in Frameworks */,
			);
			runOnlyForDeploymentPostprocessing = 0;
		};
		AE465E862EB89C88001310FC /* Frameworks */ = {
			isa = PBXFrameworksBuildPhase;
			buildActionMask = 2147483647;
			files = (
			);
			runOnlyForDeploymentPostprocessing = 0;
		};
		AE465E902EB89C88001310FC /* Frameworks */ = {
			isa = PBXFrameworksBuildPhase;
			buildActionMask = 2147483647;
			files = (
			);
			runOnlyForDeploymentPostprocessing = 0;
		};
/* End PBXFrameworksBuildPhase section */

/* Begin PBXGroup section */
		AE465E732EB89C88001310FC = {
			isa = PBXGroup;
			children = (
				AE465E7E2EB89C88001310FC /* project_test_ios */,
				AE465E8C2EB89C88001310FC /* project_test_iosTests */,
				AE465E962EB89C88001310FC /* project_test_iosUITests */,
				AEC16AE62EBA11F100B22552 /* Frameworks */,
				AE465E7D2EB89C88001310FC /* Products */,
			);
			sourceTree = "<group>";
		};
		AE465E7D2EB89C88001310FC /* Products */ = {
			isa = PBXGroup;
			children = (
				AE465E7C2EB89C88001310FC /* project_test_ios.app */,
				AE465E892EB89C88001310FC /* project_test_iosTests.xctest */,
				AE465E932EB89C88001310FC /* project_test_iosUITests.xctest */,
			);
			name = Products;
			sourceTree = "<group>";
		};
		AEC16AE62EBA11F100B22552 /* Frameworks */ = {
			isa = PBXGroup;
			children = (
			);
			name = Frameworks;
			sourceTree = "<group>";
		};
/* End PBXGroup section */

/* Begin PBXNativeTarget section */
		AE465E7B2EB89C88001310FC /* project_test_ios */ = {
			isa = PBXNativeTarget;
			buildConfigurationList = AE465E9D2EB89C88001310FC /* Build configuration list for PBXNativeTarget "project_test_ios" */;
			buildPhases = (
				AE465E782EB89C88001310FC /* Sources */,
				AE465E792EB89C88001310FC /* Frameworks */,
				AE465E7A2EB89C88001310FC /* Resources */,
			);
			buildRules = (
			);
			dependencies = (
			);
			fileSystemSynchronizedGroups = (
				AE465E7E2EB89C88001310FC /* project_test_ios */,
			);
			name = project_test_ios;
			packageProductDependencies = (
				AEC16B1D2EBA46C400B22552 /* DesignSystem */,
			);
			productName = project_test_ios;
			productReference = AE465E7C2EB89C88001310FC /* project_test_ios.app */;
			productType = "com.apple.product-type.application";
		};
		AE465E882EB89C88001310FC /* project_test_iosTests */ = {
			isa = PBXNativeTarget;
			buildConfigurationList = AE465EA02EB89C88001310FC /* Build configuration list for PBXNativeTarget "project_test_iosTests" */;
			buildPhases = (
				AE465E852EB89C88001310FC /* Sources */,
				AE465E862EB89C88001310FC /* Frameworks */,
				AE465E872EB89C88001310FC /* Resources */,
			);
			buildRules = (
			);
			dependencies = (
				AE465E8B2EB89C88001310FC /* PBXTargetDependency */,
			);
			fileSystemSynchronizedGroups = (
				AE465E8C2EB89C88001310FC /* project_test_iosTests */,
			);
			name = project_test_iosTests;
			packageProductDependencies = (
			);
			productName = project_test_iosTests;
			productReference = AE465E892EB89C88001310FC /* project_test_iosTests.xctest */;
			productType = "com.apple.product-type.bundle.unit-test";
		};
		AE465E922EB89C88001310FC /* project_test_iosUITests */ = {
			isa = PBXNativeTarget;
			buildConfigurationList = AE465EA32EB89C88001310FC /* Build configuration list for PBXNativeTarget "project_test_iosUITests" */;
			buildPhases = (
				AE465E8F2EB89C88001310FC /* Sources */,
				AE465E902EB89C88001310FC /* Frameworks */,
				AE465E912EB89C88001310FC /* Resources */,
			);
			buildRules = (
			);
			dependencies = (
				AE465E952EB89C88001310FC /* PBXTargetDependency */,
			);
			fileSystemSynchronizedGroups = (
				AE465E962EB89C88001310FC /* project_test_iosUITests */,
			);
			name = project_test_iosUITests;
			packageProductDependencies = (
			);
			productName = project_test_iosUITests;
			productReference = AE465E932EB89C88001310FC /* project_test_iosUITests.xctest */;
			productType = "com.apple.product-type.bundle.ui-testing";
		};
/* End PBXNativeTarget section */

/* Begin PBXProject section */
		AE465E742EB89C88001310FC /* Project object */ = {
			isa = PBXProject;
			attributes = {
				BuildIndependentTargetsInParallel = 1;
				LastSwiftUpdateCheck = 1640;
				LastUpgradeCheck = 1640;
				TargetAttributes = {
					AE465E7B2EB89C88001310FC = {
						CreatedOnToolsVersion = 16.4;
					};
					AE465E882EB89C88001310FC = {
						CreatedOnToolsVersion = 16.4;
						TestTargetID = AE465E7B2EB89C88001310FC;
					};
					AE465E922EB89C88001310FC = {
						CreatedOnToolsVersion = 16.4;
						TestTargetID = AE465E7B2EB89C88001310FC;
					};
				};
			};
			buildConfigurationList = AE465E772EB89C88001310FC /* Build configuration list for PBXProject "project_test_ios" */;
			developmentRegion = en;
			hasScannedForEncodings = 0;
			knownRegions = (
				en,
				Base,
				fr,
			);
			mainGroup = AE465E732EB89C88001310FC;
			minimizedProjectReferenceProxies = 1;
			packageReferences = (
			);
			preferredProjectObjectVersion = 77;
			productRefGroup = AE465E7D2EB89C88001310FC /* Products */;
			projectDirPath = "";
			projectRoot = "";
			targets = (
				AE465E7B2EB89C88001310FC /* project_test_ios */,
				AE465E882EB89C88001310FC /* project_test_iosTests */,
				AE465E922EB89C88001310FC /* project_test_iosUITests */,
			);
		};
/* End PBXProject section */

/* Begin PBXResourcesBuildPhase section */
		AE465E7A2EB89C88001310FC /* Resources */ = {
			isa = PBXResourcesBuildPhase;
			buildActionMask = 2147483647;
			files = (
			);
			runOnlyForDeploymentPostprocessing = 0;
		};
		AE465E872EB89C88001310FC /* Resources */ = {
			isa = PBXResourcesBuildPhase;
			buildActionMask = 2147483647;
			files = (
			);
			runOnlyForDeploymentPostprocessing = 0;
		};
		AE465E912EB89C88001310FC /* Resources */ = {
			isa = PBXResourcesBuildPhase;
			buildActionMask = 2147483647;
			files = (
			);
			runOnlyForDeploymentPostprocessing = 0;
		};
/* End PBXResourcesBuildPhase section */

/* Begin PBXSourcesBuildPhase section */
		AE465E782EB89C88001310FC /* Sources */ = {
			isa = PBXSourcesBuildPhase;
			buildActionMask = 2147483647;
			files = (
			);
			runOnlyForDeploymentPostprocessing = 0;
		};
		AE465E852EB89C88001310FC /* Sources */ = {
			isa = PBXSourcesBuildPhase;
			buildActionMask = 2147483647;
			files = (
			);
			runOnlyForDeploymentPostprocessing = 0;
		};
		AE465E8F2EB89C88001310FC /* Sources */ = {
			isa = PBXSourcesBuildPhase;
			buildActionMask = 2147483647;
			files = (
			);
			runOnlyForDeploymentPostprocessing = 0;
		};
/* End PBXSourcesBuildPhase section */

/* Begin PBXTargetDependency section */
		AE465E8B2EB89C88001310FC /* PBXTargetDependency */ = {
			isa = PBXTargetDependency;
			target = AE465E7B2EB89C88001310FC /* project_test_ios */;
			targetProxy = AE465E8A2EB89C88001310FC /* PBXContainerItemProxy */;
		};
		AE465E952EB89C88001310FC /* PBXTargetDependency */ = {
			isa = PBXTargetDependency;
			target = AE465E7B2EB89C88001310FC /* project_test_ios */;
			targetProxy = AE465E942EB89C88001310FC /* PBXContainerItemProxy */;
		};
/* End PBXTargetDependency section */

/* Begin XCBuildConfiguration section */
		AE465E9B2EB89C88001310FC /* Debug */ = {
			isa = XCBuildConfiguration;
			buildSettings = {
				ALWAYS_SEARCH_USER_PATHS = NO;
				ASSETCATALOG_COMPILER_GENERATE_SWIFT_ASSET_SYMBOL_EXTENSIONS = YES;
				CLANG_ANALYZER_NONNULL = YES;
				CLANG_ANALYZER_NUMBER_OBJECT_CONVERSION = YES_AGGRESSIVE;
				CLANG_CXX_LANGUAGE_STANDARD = "gnu++20";
				CLANG_ENABLE_MODULES = YES;
				CLANG_ENABLE_OBJC_ARC = YES;
				CLANG_ENABLE_OBJC_WEAK = YES;
				CLANG_WARN_BLOCK_CAPTURE_AUTORELEASING = YES;
				CLANG_WARN_BOOL_CONVERSION = YES;
				CLANG_WARN_COMMA = YES;
				CLANG_WARN_CONSTANT_CONVERSION = YES;
				CLANG_WARN_DEPRECATED_OBJC_IMPLEMENTATIONS = YES;
				CLANG_WARN_DIRECT_OBJC_ISA_USAGE = YES_ERROR;
				CLANG_WARN_DOCUMENTATION_COMMENTS = YES;
				CLANG_WARN_EMPTY_BODY = YES;
				CLANG_WARN_ENUM_CONVERSION = YES;
				CLANG_WARN_INFINITE_RECURSION = YES;
				CLANG_WARN_INT_CONVERSION = YES;
				CLANG_WARN_NON_LITERAL_NULL_CONVERSION = YES;
				CLANG_WARN_OBJC_IMPLICIT_RETAIN_SELF = YES;
				CLANG_WARN_OBJC_LITERAL_CONVERSION = YES;
				CLANG_WARN_OBJC_ROOT_CLASS = YES_ERROR;
				CLANG_WARN_QUOTED_INCLUDE_IN_FRAMEWORK_HEADER = YES;
				CLANG_WARN_RANGE_LOOP_ANALYSIS = YES;
				CLANG_WARN_STRICT_PROTOTYPES = YES;
				CLANG_WARN_SUSPICIOUS_MOVE = YES;
				CLANG_WARN_UNGUARDED_AVAILABILITY = YES_AGGRESSIVE;
				CLANG_WARN_UNREACHABLE_CODE = YES;
				CLANG_WARN__DUPLICATE_METHOD_MATCH = YES;
				COPY_PHASE_STRIP = NO;
				DEBUG_INFORMATION_FORMAT = dwarf;
				ENABLE_STRICT_OBJC_MSGSEND = YES;
				ENABLE_TESTABILITY = YES;
				ENABLE_USER_SCRIPT_SANDBOXING = YES;
				GCC_C_LANGUAGE_STANDARD = gnu17;
				GCC_DYNAMIC_NO_PIC = NO;
				GCC_NO_COMMON_BLOCKS = YES;
				GCC_OPTIMIZATION_LEVEL = 0;
				GCC_PREPROCESSOR_DEFINITIONS = (
					"DEBUG=1",
					"$(inherited)",
				);
				GCC_WARN_64_TO_32_BIT_CONVERSION = YES;
				GCC_WARN_ABOUT_RETURN_TYPE = YES_ERROR;
				GCC_WARN_UNDECLARED_SELECTOR = YES;
				GCC_WARN_UNINITIALIZED_AUTOS = YES_AGGRESSIVE;
				GCC_WARN_UNUSED_FUNCTION = YES;
				GCC_WARN_UNUSED_VARIABLE = YES;
				IPHONEOS_DEPLOYMENT_TARGET = 18.5;
				LOCALIZATION_PREFERS_STRING_CATALOGS = YES;
				MTL_ENABLE_DEBUG_INFO = INCLUDE_SOURCE;
				MTL_FAST_MATH = YES;
				ONLY_ACTIVE_ARCH = YES;
				SDKROOT = iphoneos;
				SWIFT_ACTIVE_COMPILATION_CONDITIONS = "DEBUG $(inherited)";
				SWIFT_EMIT_LOC_STRINGS = YES;
				SWIFT_OPTIMIZATION_LEVEL = "-Onone";
			};
			name = Debug;
		};
		AE465E9C2EB89C88001310FC /* Release */ = {
			isa = XCBuildConfiguration;
			buildSettings = {
				ALWAYS_SEARCH_USER_PATHS = NO;
				ASSETCATALOG_COMPILER_GENERATE_SWIFT_ASSET_SYMBOL_EXTENSIONS = YES;
				CLANG_ANALYZER_NONNULL = YES;
				CLANG_ANALYZER_NUMBER_OBJECT_CONVERSION = YES_AGGRESSIVE;
				CLANG_CXX_LANGUAGE_STANDARD = "gnu++20";
				CLANG_ENABLE_MODULES = YES;
				CLANG_ENABLE_OBJC_ARC = YES;
				CLANG_ENABLE_OBJC_WEAK = YES;
				CLANG_WARN_BLOCK_CAPTURE_AUTORELEASING = YES;
				CLANG_WARN_BOOL_CONVERSION = YES;
				CLANG_WARN_COMMA = YES;
				CLANG_WARN_CONSTANT_CONVERSION = YES;
				CLANG_WARN_DEPRECATED_OBJC_IMPLEMENTATIONS = YES;
				CLANG_WARN_DIRECT_OBJC_ISA_USAGE = YES_ERROR;
				CLANG_WARN_DOCUMENTATION_COMMENTS = YES;
				CLANG_WARN_EMPTY_BODY = YES;
				CLANG_WARN_ENUM_CONVERSION = YES;
				CLANG_WARN_INFINITE_RECURSION = YES;
				CLANG_WARN_INT_CONVERSION = YES;
				CLANG_WARN_NON_LITERAL_NULL_CONVERSION = YES;
				CLANG_WARN_OBJC_IMPLICIT_RETAIN_SELF = YES;
				CLANG_WARN_OBJC_LITERAL_CONVERSION = YES;
				CLANG_WARN_OBJC_ROOT_CLASS = YES_ERROR;
				CLANG_WARN_QUOTED_INCLUDE_IN_FRAMEWORK_HEADER = YES;
				CLANG_WARN_RANGE_LOOP_ANALYSIS = YES;
				CLANG_WARN_STRICT_PROTOTYPES = YES;
				CLANG_WARN_SUSPICIOUS_MOVE = YES;
				CLANG_WARN_UNGUARDED_AVAILABILITY = YES_AGGRESSIVE;
				CLANG_WARN_UNREACHABLE_CODE = YES;
				CLANG_WARN__DUPLICATE_METHOD_MATCH = YES;
				COPY_PHASE_STRIP = NO;
				DEBUG_INFORMATION_FORMAT = "dwarf-with-dsym";
				ENABLE_NS_ASSERTIONS = NO;
				ENABLE_STRICT_OBJC_MSGSEND = YES;
				ENABLE_USER_SCRIPT_SANDBOXING = YES;
				GCC_C_LANGUAGE_STANDARD = gnu17;
				GCC_NO_COMMON_BLOCKS = YES;
				GCC_WARN_64_TO_32_BIT_CONVERSION = YES;
				GCC_WARN_ABOUT_RETURN_TYPE = YES_ERROR;
				GCC_WARN_UNDECLARED_SELECTOR = YES;
				GCC_WARN_UNINITIALIZED_AUTOS = YES_AGGRESSIVE;
				GCC_WARN_UNUSED_FUNCTION = YES;
				GCC_WARN_UNUSED_VARIABLE = YES;
				IPHONEOS_DEPLOYMENT_TARGET = 18.5;
				LOCALIZATION_PREFERS_STRING_CATALOGS = YES;
				MTL_ENABLE_DEBUG_INFO = NO;
				MTL_FAST_MATH = YES;
				SDKROOT = iphoneos;
				SWIFT_COMPILATION_MODE = wholemodule;
				SWIFT_EMIT_LOC_STRINGS = YES;
				VALIDATE_PRODUCT = YES;
			};
			name = Release;
		};
		AE465E9E2EB89C88001310FC /* Debug */ = {
			isa = XCBuildConfiguration;
			buildSettings = {
				ASSETCATALOG_COMPILER_APPICON_NAME = AppIcon;
				ASSETCATALOG_COMPILER_GLOBAL_ACCENT_COLOR_NAME = AccentColor;
				CODE_SIGN_STYLE = Automatic;
				CURRENT_PROJECT_VERSION = 1;
				ENABLE_PREVIEWS = YES;
				GENERATE_INFOPLIST_FILE = YES;
				INFOPLIST_KEY_UIApplicationSceneManifest_Generation = YES;
				INFOPLIST_KEY_UIApplicationSupportsIndirectInputEvents = YES;
				INFOPLIST_KEY_UILaunchScreen_Generation = YES;
				INFOPLIST_KEY_UISupportedInterfaceOrientations_iPad = "UIInterfaceOrientationPortrait UIInterfaceOrientationPortraitUpsideDown UIInterfaceOrientationLandscapeLeft UIInterfaceOrientationLandscapeRight";
				INFOPLIST_KEY_UISupportedInterfaceOrientations_iPhone = "UIInterfaceOrientationPortrait UIInterfaceOrientationLandscapeLeft UIInterfaceOrientationLandscapeRight";
				LD_RUNPATH_SEARCH_PATHS = (
					"$(inherited)",
					"@executable_path/Frameworks",
				);
				MARKETING_VERSION = 1.0;
				PRODUCT_BUNDLE_IDENTIFIER = "IIM.project-test-ios";
				PRODUCT_NAME = "$(TARGET_NAME)";
				SWIFT_EMIT_LOC_STRINGS = YES;
				SWIFT_VERSION = 5.0;
				TARGETED_DEVICE_FAMILY = "1,2";
			};
			name = Debug;
		};
		AE465E9F2EB89C88001310FC /* Release */ = {
			isa = XCBuildConfiguration;
			buildSettings = {
				ASSETCATALOG_COMPILER_APPICON_NAME = AppIcon;
				ASSETCATALOG_COMPILER_GLOBAL_ACCENT_COLOR_NAME = AccentColor;
				CODE_SIGN_STYLE = Automatic;
				CURRENT_PROJECT_VERSION = 1;
				ENABLE_PREVIEWS = YES;
				GENERATE_INFOPLIST_FILE = YES;
				INFOPLIST_KEY_UIApplicationSceneManifest_Generation = YES;
				INFOPLIST_KEY_UIApplicationSupportsIndirectInputEvents = YES;
				INFOPLIST_KEY_UILaunchScreen_Generation = YES;
				INFOPLIST_KEY_UISupportedInterfaceOrientations_iPad = "UIInterfaceOrientationPortrait UIInterfaceOrientationPortraitUpsideDown UIInterfaceOrientationLandscapeLeft UIInterfaceOrientationLandscapeRight";
				INFOPLIST_KEY_UISupportedInterfaceOrientations_iPhone = "UIInterfaceOrientationPortrait UIInterfaceOrientationLandscapeLeft UIInterfaceOrientationLandscapeRight";
				LD_RUNPATH_SEARCH_PATHS = (
					"$(inherited)",
					"@executable_path/Frameworks",
				);
				MARKETING_VERSION = 1.0;
				PRODUCT_BUNDLE_IDENTIFIER = "IIM.project-test-ios";
				PRODUCT_NAME = "$(TARGET_NAME)";
				SWIFT_EMIT_LOC_STRINGS = YES;
				SWIFT_VERSION = 5.0;
				TARGETED_DEVICE_FAMILY = "1,2";
			};
			name = Release;
		};
		AE465EA12EB89C88001310FC /* Debug */ = {
			isa = XCBuildConfiguration;
			buildSettings = {
				BUNDLE_LOADER = "$(TEST_HOST)";
				CODE_SIGN_STYLE = Automatic;
				CURRENT_PROJECT_VERSION = 1;
				GENERATE_INFOPLIST_FILE = YES;
				IPHONEOS_DEPLOYMENT_TARGET = 18.5;
				MARKETING_VERSION = 1.0;
				PRODUCT_BUNDLE_IDENTIFIER = "IIM.project-test-iosTests";
				PRODUCT_NAME = "$(TARGET_NAME)";
				SWIFT_EMIT_LOC_STRINGS = NO;
				SWIFT_VERSION = 5.0;
				TARGETED_DEVICE_FAMILY = "1,2";
				TEST_HOST = "$(BUILT_PRODUCTS_DIR)/project_test_ios.app/$(BUNDLE_EXECUTABLE_FOLDER_PATH)/project_test_ios";
			};
			name = Debug;
		};
		AE465EA22EB89C88001310FC /* Release */ = {
			isa = XCBuildConfiguration;
			buildSettings = {
				BUNDLE_LOADER = "$(TEST_HOST)";
				CODE_SIGN_STYLE = Automatic;
				CURRENT_PROJECT_VERSION = 1;
				GENERATE_INFOPLIST_FILE = YES;
				IPHONEOS_DEPLOYMENT_TARGET = 18.5;
				MARKETING_VERSION = 1.0;
				PRODUCT_BUNDLE_IDENTIFIER = "IIM.project-test-iosTests";
				PRODUCT_NAME = "$(TARGET_NAME)";
				SWIFT_EMIT_LOC_STRINGS = NO;
				SWIFT_VERSION = 5.0;
				TARGETED_DEVICE_FAMILY = "1,2";
				TEST_HOST = "$(BUILT_PRODUCTS_DIR)/project_test_ios.app/$(BUNDLE_EXECUTABLE_FOLDER_PATH)/project_test_ios";
			};
			name = Release;
		};
		AE465EA42EB89C88001310FC /* Debug */ = {
			isa = XCBuildConfiguration;
			buildSettings = {
				CODE_SIGN_STYLE = Automatic;
				CURRENT_PROJECT_VERSION = 1;
				GENERATE_INFOPLIST_FILE = YES;
				MARKETING_VERSION = 1.0;
				PRODUCT_BUNDLE_IDENTIFIER = "IIM.project-test-iosUITests";
				PRODUCT_NAME = "$(TARGET_NAME)";
				SWIFT_EMIT_LOC_STRINGS = NO;
				SWIFT_VERSION = 5.0;
				TARGETED_DEVICE_FAMILY = "1,2";
				TEST_TARGET_NAME = project_test_ios;
			};
			name = Debug;
		};
		AE465EA52EB89C88001310FC /* Release */ = {
			isa = XCBuildConfiguration;
			buildSettings = {
				CODE_SIGN_STYLE = Automatic;
				CURRENT_PROJECT_VERSION = 1;
				GENERATE_INFOPLIST_FILE = YES;
				MARKETING_VERSION = 1.0;
				PRODUCT_BUNDLE_IDENTIFIER = "IIM.project-test-iosUITests";
				PRODUCT_NAME = "$(TARGET_NAME)";
				SWIFT_EMIT_LOC_STRINGS = NO;
				SWIFT_VERSION = 5.0;
				TARGETED_DEVICE_FAMILY = "1,2";
				TEST_TARGET_NAME = project_test_ios;
			};
			name = Release;
		};
/* End XCBuildConfiguration section */

/* Begin XCConfigurationList section */
		AE465E772EB89C88001310FC /* Build configuration list for PBXProject "project_test_ios" */ = {
			isa = XCConfigurationList;
			buildConfigurations = (
				AE465E9B2EB89C88001310FC /* Debug */,
				AE465E9C2EB89C88001310FC /* Release */,
			);
			defaultConfigurationIsVisible = 0;
			defaultConfigurationName = Release;
		};
		AE465E9D2EB89C88001310FC /* Build configuration list for PBXNativeTarget "project_test_ios" */ = {
			isa = XCConfigurationList;
			buildConfigurations = (
				AE465E9E2EB89C88001310FC /* Debug */,
				AE465E9F2EB89C88001310FC /* Release */,
			);
			defaultConfigurationIsVisible = 0;
			defaultConfigurationName = Release;
		};
		AE465EA02EB89C88001310FC /* Build configuration list for PBXNativeTarget "project_test_iosTests" */ = {
			isa = XCConfigurationList;
			buildConfigurations = (
				AE465EA12EB89C88001310FC /* Debug */,
				AE465EA22EB89C88001310FC /* Release */,
			);
			defaultConfigurationIsVisible = 0;
			defaultConfigurationName = Release;
		};
		AE465EA32EB89C88001310FC /* Build configuration list for PBXNativeTarget "project_test_iosUITests" */ = {
			isa = XCConfigurationList;
			buildConfigurations = (
				AE465EA42EB89C88001310FC /* Debug */,
				AE465EA52EB89C88001310FC /* Release */,
			);
			defaultConfigurationIsVisible = 0;
			defaultConfigurationName = Release;
		};
/* End XCConfigurationList section */

/* Begin XCSwiftPackageProductDependency section */
		AEC16B1D2EBA46C400B22552 /* DesignSystem */ = {
			isa = XCSwiftPackageProductDependency;
			productName = DesignSystem;
		};
/* End XCSwiftPackageProductDependency section */
	};
	rootObject = AE465E742EB89C88001310FC /* Project object */;
}
